
Microsoft Visual Studio Solution File, Format Version 12.00
# Visual Studio Version 17
VisualStudioVersion = 17.7.34024.191
MinimumVisualStudioVersion = 10.0.40219.1
Project("{9A19103F-16F7-4668-BE54-9A1E7A4F7556}") = "LinQArregloSimple", "LinQArregloSimple\LinQArregloSimple.csproj", "{A8A33B69-365E-4EF3-AD22-BB90B8D33CA3}"
EndProject
Project("{9A19103F-16F7-4668-BE54-9A1E7A4F7556}") = "QueryingArrayEmployeeObjectsUsingLINQ", "ArrayEmployeeObjectsUsingLINQ\QueryingArrayEmployeeObjectsUsingLINQ.csproj", "{4DDB5DB6-452E-443D-A95E-BCDEBEB9AAE2}"
EndProject
Project("{FAE04EC0-301F-11D3-BF4B-00C04F79EFBC}") = "DynamicallyResizingListCollection", "DynamicallyResizingListCollection\DynamicallyResizingListCollection.csproj", "{207600B6-DA4C-445D-A544-FA80A57B123C}"
EndProject
Project("{FAE04EC0-301F-11D3-BF4B-00C04F79EFBC}") = "QueryingGenericListCollectionUsingLINQ", "QueryingGenericListCollectionUsingLINQ\QueryingGenericListCollectionUsingLINQ.csproj", "{5917BF8F-D334-41BC-96C7-4A2BAB3BC9EF}"
EndProject
Global
	GlobalSection(SolutionConfigurationPlatforms) = preSolution
		Debug|Any CPU = Debug|Any CPU
		Release|Any CPU = Release|Any CPU
	EndGlobalSection
	GlobalSection(ProjectConfigurationPlatforms) = postSolution
		{A8A33B69-365E-4EF3-AD22-BB90B8D33CA3}.Debug|Any CPU.ActiveCfg = Debug|Any CPU
		{A8A33B69-365E-4EF3-AD22-BB90B8D33CA3}.Debug|Any CPU.Build.0 = Debug|Any CPU
		{A8A33B69-365E-4EF3-AD22-BB90B8D33CA3}.Release|Any CPU.ActiveCfg = Release|Any CPU
		{A8A33B69-365E-4EF3-AD22-BB90B8D33CA3}.Release|Any CPU.Build.0 = Release|Any CPU
		{4DDB5DB6-452E-443D-A95E-BCDEBEB9AAE2}.Debug|Any CPU.ActiveCfg = Debug|Any CPU
		{4DDB5DB6-452E-443D-A95E-BCDEBEB9AAE2}.Debug|Any CPU.Build.0 = Debug|Any CPU
		{4DDB5DB6-452E-443D-A95E-BCDEBEB9AAE2}.Release|Any CPU.ActiveCfg = Release|Any CPU
		{4DDB5DB6-452E-443D-A95E-BCDEBEB9AAE2}.Release|Any CPU.Build.0 = Release|Any CPU
		{207600B6-DA4C-445D-A544-FA80A57B123C}.Debug|Any CPU.ActiveCfg = Debug|Any CPU
		{207600B6-DA4C-445D-A544-FA80A57B123C}.Debug|Any CPU.Build.0 = Debug|Any CPU
		{207600B6-DA4C-445D-A544-FA80A57B123C}.Release|Any CPU.ActiveCfg = Release|Any CPU
		{207600B6-DA4C-445D-A544-FA80A57B123C}.Release|Any CPU.Build.0 = Release|Any CPU
		{5917BF8F-D334-41BC-96C7-4A2BAB3BC9EF}.Debug|Any CPU.ActiveCfg = Debug|Any CPU
		{5917BF8F-D334-41BC-96C7-4A2BAB3BC9EF}.Debug|Any CPU.Build.0 = Debug|Any CPU
		{5917BF8F-D334-41BC-96C7-4A2BAB3BC9EF}.Release|Any CPU.ActiveCfg = Release|Any CPU
		{5917BF8F-D334-41BC-96C7-4A2BAB3BC9EF}.Release|Any CPU.Build.0 = Release|Any CPU
	EndGlobalSection
	GlobalSection(SolutionProperties) = preSolution
		HideSolutionNode = FALSE
	EndGlobalSection
	GlobalSection(ExtensibilityGlobals) = postSolution
		SolutionGuid = {99306AF3-6C00-46B0-9675-00479F061F6E}
	EndGlobalSection
EndGlobal
